
Microsoft Visual Studio Solution File, Format Version 12.00
# Visual Studio Version 16
VisualStudioVersion = 16.0.31112.23
MinimumVisualStudioVersion = 10.0.40219.1
Project("{FAE04EC0-301F-11D3-BF4B-00C04F79EFBC}") = "CacheablePostcodeLookup", "CacheablePostcodeLookup\CacheablePostcodeLookup.csproj", "{97448985-B8BB-4C0F-AB93-790A94159295}"
EndProject
Project("{FAE04EC0-301F-11D3-BF4B-00C04F79EFBC}") = "CacheablePostcodeLookupTests", "CacheablePostcodeLookupTests\CacheablePostcodeLookupTests.csproj", "{483A264E-D6CE-42EC-9AD7-22437DFBD25B}"
EndProject
Global
	GlobalSection(SolutionConfigurationPlatforms) = preSolution
		Debug|Any CPU = Debug|Any CPU
		Release|Any CPU = Release|Any CPU
	EndGlobalSection
	GlobalSection(ProjectConfigurationPlatforms) = postSolution
		{97448985-B8BB-4C0F-AB93-790A94159295}.Debug|Any CPU.ActiveCfg = Debug|Any CPU
		{97448985-B8BB-4C0F-AB93-790A94159295}.Debug|Any CPU.Build.0 = Debug|Any CPU
		{97448985-B8BB-4C0F-AB93-790A94159295}.Release|Any CPU.ActiveCfg = Release|Any CPU
		{97448985-B8BB-4C0F-AB93-790A94159295}.Release|Any CPU.Build.0 = Release|Any CPU
		{483A264E-D6CE-42EC-9AD7-22437DFBD25B}.Debug|Any CPU.ActiveCfg = Debug|Any CPU
		{483A264E-D6CE-42EC-9AD7-22437DFBD25B}.Debug|Any CPU.Build.0 = Debug|Any CPU
		{483A264E-D6CE-42EC-9AD7-22437DFBD25B}.Release|Any CPU.ActiveCfg = Release|Any CPU
		{483A264E-D6CE-42EC-9AD7-22437DFBD25B}.Release|Any CPU.Build.0 = Release|Any CPU
	EndGlobalSection
	GlobalSection(SolutionProperties) = preSolution
		HideSolutionNode = FALSE
	EndGlobalSection
	GlobalSection(ExtensibilityGlobals) = postSolution
		SolutionGuid = {694749F4-E7FC-4592-8328-7159BCD796E5}
	EndGlobalSection
EndGlobal
